
Microsoft Visual Studio Solution File, Format Version 12.00
# Visual Studio Version 17
VisualStudioVersion = 17.11.35431.28
MinimumVisualStudioVersion = 10.0.40219.1
Project("{FAE04EC0-301F-11D3-BF4B-00C04F79EFBC}") = "HesapMakinesi", "HesapMakinesi\HesapMakinesi.csproj", "{209A0748-C407-4E1B-AF29-1B464632ECEC}"
EndProject
Global
	GlobalSection(SolutionConfigurationPlatforms) = preSolution
		Debug|Any CPU = Debug|Any CPU
		Release|Any CPU = Release|Any CPU
	EndGlobalSection
	GlobalSection(ProjectConfigurationPlatforms) = postSolution
		{209A0748-C407-4E1B-AF29-1B464632ECEC}.Debug|Any CPU.ActiveCfg = Debug|Any CPU
		{209A0748-C407-4E1B-AF29-1B464632ECEC}.Debug|Any CPU.Build.0 = Debug|Any CPU
		{209A0748-C407-4E1B-AF29-1B464632ECEC}.Release|Any CPU.ActiveCfg = Release|Any CPU
		{209A0748-C407-4E1B-AF29-1B464632ECEC}.Release|Any CPU.Build.0 = Release|Any CPU
	EndGlobalSection
	GlobalSection(SolutionProperties) = preSolution
		HideSolutionNode = FALSE
	EndGlobalSection
	GlobalSection(ExtensibilityGlobals) = postSolution
		SolutionGuid = {551AA9F6-D88D-4DB7-9391-A5D77F2DCB3C}
	EndGlobalSection
EndGlobal
